
Microsoft Visual Studio Solution File, Format Version 12.00
# Visual Studio Version 17
VisualStudioVersion = 17.13.35931.197
MinimumVisualStudioVersion = 10.0.40219.1
Project("{FAE04EC0-301F-11D3-BF4B-00C04F79EFBC}") = "Movies", "Movies\Movies.csproj", "{18CA7C81-12B8-4FF6-8062-BD235AFF13DF}"
EndProject
Project("{FAE04EC0-301F-11D3-BF4B-00C04F79EFBC}") = "Academy", "Academy\Academy.csproj", "{24C20339-C27D-4D86-AC15-1744881359F0}"
EndProject
Global
	GlobalSection(SolutionConfigurationPlatforms) = preSolution
		Debug|Any CPU = Debug|Any CPU
		Release|Any CPU = Release|Any CPU
	EndGlobalSection
	GlobalSection(ProjectConfigurationPlatforms) = postSolution
		{18CA7C81-12B8-4FF6-8062-BD235AFF13DF}.Debug|Any CPU.ActiveCfg = Debug|Any CPU
		{18CA7C81-12B8-4FF6-8062-BD235AFF13DF}.Debug|Any CPU.Build.0 = Debug|Any CPU
		{18CA7C81-12B8-4FF6-8062-BD235AFF13DF}.Release|Any CPU.ActiveCfg = Release|Any CPU
		{18CA7C81-12B8-4FF6-8062-BD235AFF13DF}.Release|Any CPU.Build.0 = Release|Any CPU
		{24C20339-C27D-4D86-AC15-1744881359F0}.Debug|Any CPU.ActiveCfg = Debug|Any CPU
		{24C20339-C27D-4D86-AC15-1744881359F0}.Debug|Any CPU.Build.0 = Debug|Any CPU
		{24C20339-C27D-4D86-AC15-1744881359F0}.Release|Any CPU.ActiveCfg = Release|Any CPU
		{24C20339-C27D-4D86-AC15-1744881359F0}.Release|Any CPU.Build.0 = Release|Any CPU
	EndGlobalSection
	GlobalSection(SolutionProperties) = preSolution
		HideSolutionNode = FALSE
	EndGlobalSection
	GlobalSection(ExtensibilityGlobals) = postSolution
		SolutionGuid = {F65860DB-8AF8-404A-9AD9-912DBB74CA7C}
	EndGlobalSection
EndGlobal
